<?xml version="1.0" encoding="utf-8"?>
<Project ToolsVersion="17.0" xmlns="http://schemas.microsoft.com/developer/msbuild/2003">
  <ItemGroup>
    <CustomBuild Include="F:\Code\C_CPP\3dstool\3dstool-master\CMakeFiles\977e038acd0b4f5cf6ecdd6db320377d\generate.stamp.rule">
      <Filter>CMake Rules</Filter>
    </CustomBuild>
  </ItemGroup>
  <ItemGroup>
    <Filter Include="CMake Rules">
      <UniqueIdentifier>{14F7B47C-974F-3833-83CE-B4CA73595964}</UniqueIdentifier>
    </Filter>
  </ItemGroup>
</Project>
